
Microsoft Visual Studio Solution File, Format Version 12.00
# Visual Studio Version 17
VisualStudioVersion = 17.4.33403.182
MinimumVisualStudioVersion = 10.0.40219.1
Project("{9A19103F-16F7-4668-BE54-9A1E7A4F7556}") = "FahrpreisRechner.API", "FahrpreisRechner.API\FahrpreisRechner.API.csproj", "{36033DB0-9C87-4BEB-8468-B3B26E4D65CC}"
EndProject
Project("{9A19103F-16F7-4668-BE54-9A1E7A4F7556}") = "FahrpreisRechner.Core", "..\FahrpreisRechner.Core\FahrpreisRechner.Core.csproj", "{3FAD1240-49A2-4E79-A05E-931D2D25BFA7}"
EndProject
Project("{9A19103F-16F7-4668-BE54-9A1E7A4F7556}") = "Fahrpreisrechner.Data", "..\Fahrpreisrechner.Data\Fahrpreisrechner.Data.csproj", "{B1B52007-4226-4318-9524-F3370E22DA58}"
EndProject
Project("{FAE04EC0-301F-11D3-BF4B-00C04F79EFBC}") = "FahrpreisRechner.API.Tests", "..\FahrpreisRechner.API.Tests\FahrpreisRechner.API.Tests.csproj", "{6027B520-4A15-464D-8C1C-6C1F9A44D3DA}"
EndProject
Global
	GlobalSection(SolutionConfigurationPlatforms) = preSolution
		Debug|Any CPU = Debug|Any CPU
		Release|Any CPU = Release|Any CPU
	EndGlobalSection
	GlobalSection(ProjectConfigurationPlatforms) = postSolution
		{36033DB0-9C87-4BEB-8468-B3B26E4D65CC}.Debug|Any CPU.ActiveCfg = Debug|Any CPU
		{36033DB0-9C87-4BEB-8468-B3B26E4D65CC}.Debug|Any CPU.Build.0 = Debug|Any CPU
		{36033DB0-9C87-4BEB-8468-B3B26E4D65CC}.Release|Any CPU.ActiveCfg = Release|Any CPU
		{36033DB0-9C87-4BEB-8468-B3B26E4D65CC}.Release|Any CPU.Build.0 = Release|Any CPU
		{3FAD1240-49A2-4E79-A05E-931D2D25BFA7}.Debug|Any CPU.ActiveCfg = Debug|Any CPU
		{3FAD1240-49A2-4E79-A05E-931D2D25BFA7}.Debug|Any CPU.Build.0 = Debug|Any CPU
		{3FAD1240-49A2-4E79-A05E-931D2D25BFA7}.Release|Any CPU.ActiveCfg = Release|Any CPU
		{3FAD1240-49A2-4E79-A05E-931D2D25BFA7}.Release|Any CPU.Build.0 = Release|Any CPU
		{B1B52007-4226-4318-9524-F3370E22DA58}.Debug|Any CPU.ActiveCfg = Debug|Any CPU
		{B1B52007-4226-4318-9524-F3370E22DA58}.Debug|Any CPU.Build.0 = Debug|Any CPU
		{B1B52007-4226-4318-9524-F3370E22DA58}.Release|Any CPU.ActiveCfg = Release|Any CPU
		{B1B52007-4226-4318-9524-F3370E22DA58}.Release|Any CPU.Build.0 = Release|Any CPU
		{6027B520-4A15-464D-8C1C-6C1F9A44D3DA}.Debug|Any CPU.ActiveCfg = Debug|Any CPU
		{6027B520-4A15-464D-8C1C-6C1F9A44D3DA}.Debug|Any CPU.Build.0 = Debug|Any CPU
		{6027B520-4A15-464D-8C1C-6C1F9A44D3DA}.Release|Any CPU.ActiveCfg = Release|Any CPU
		{6027B520-4A15-464D-8C1C-6C1F9A44D3DA}.Release|Any CPU.Build.0 = Release|Any CPU
	EndGlobalSection
	GlobalSection(SolutionProperties) = preSolution
		HideSolutionNode = FALSE
	EndGlobalSection
	GlobalSection(ExtensibilityGlobals) = postSolution
		SolutionGuid = {EEFFA649-B506-472B-8054-CE3560B28EFA}
	EndGlobalSection
EndGlobal
